
Microsoft Visual Studio Solution File, Format Version 12.00
# Visual Studio 14
VisualStudioVersion = 14.0.23107.0
MinimumVisualStudioVersion = 10.0.40219.1
Project("{8BB2217D-0F2D-49D1-97BC-3654ED321F3B}") = "Lisa.Mugshot.WebClient", "Lisa.Mugshot.WebClient\Lisa.Mugshot.WebClient.xproj", "{DFB5B55D-259B-4FD8-B756-1F097CE99A86}"
EndProject
Project("{8BB2217D-0F2D-49D1-97BC-3654ED321F3B}") = "Lisa.Mugshot.WebApi", "Lisa.Mugshot.WebApi\Lisa.Mugshot.WebApi.xproj", "{1691DB42-BE08-41B4-86EA-F02B5932F1D6}"
EndProject
Global
	GlobalSection(SolutionConfigurationPlatforms) = preSolution
		Debug|Any CPU = Debug|Any CPU
		Release|Any CPU = Release|Any CPU
	EndGlobalSection
	GlobalSection(ProjectConfigurationPlatforms) = postSolution
		{DFB5B55D-259B-4FD8-B756-1F097CE99A86}.Debug|Any CPU.ActiveCfg = Debug|Any CPU
		{DFB5B55D-259B-4FD8-B756-1F097CE99A86}.Debug|Any CPU.Build.0 = Debug|Any CPU
		{DFB5B55D-259B-4FD8-B756-1F097CE99A86}.Release|Any CPU.ActiveCfg = Release|Any CPU
		{DFB5B55D-259B-4FD8-B756-1F097CE99A86}.Release|Any CPU.Build.0 = Release|Any CPU
		{1691DB42-BE08-41B4-86EA-F02B5932F1D6}.Debug|Any CPU.ActiveCfg = Debug|Any CPU
		{1691DB42-BE08-41B4-86EA-F02B5932F1D6}.Debug|Any CPU.Build.0 = Debug|Any CPU
		{1691DB42-BE08-41B4-86EA-F02B5932F1D6}.Release|Any CPU.ActiveCfg = Release|Any CPU
		{1691DB42-BE08-41B4-86EA-F02B5932F1D6}.Release|Any CPU.Build.0 = Release|Any CPU
	EndGlobalSection
	GlobalSection(SolutionProperties) = preSolution
		HideSolutionNode = FALSE
	EndGlobalSection
EndGlobal
